// !$*UTF8*$!
{
	archiveVersion = 1;
	classes = {
	};
	objectVersion = 56;
	objects = {

/* Begin PBXBuildFile section */
		13E013312ACB914C009F73D1 /* AppDelegate.swift in Sources */ = {isa = PBXBuildFile; fileRef = 13E013302ACB914C009F73D1 /* AppDelegate.swift */; };
		13E013332ACB914C009F73D1 /* SceneDelegate.swift in Sources */ = {isa = PBXBuildFile; fileRef = 13E013322ACB914C009F73D1 /* SceneDelegate.swift */; };
		13E013352ACB914C009F73D1 /* ViewController.swift in Sources */ = {isa = PBXBuildFile; fileRef = 13E013342ACB914C009F73D1 /* ViewController.swift */; };
		13E013382ACB914C009F73D1 /* Main.storyboard in Resources */ = {isa = PBXBuildFile; fileRef = 13E013362ACB914C009F73D1 /* Main.storyboard */; };
		13E0133A2ACB914E009F73D1 /* Assets.xcassets in Resources */ = {isa = PBXBuildFile; fileRef = 13E013392ACB914E009F73D1 /* Assets.xcassets */; };
		13E0133D2ACB914E009F73D1 /* LaunchScreen.storyboard in Resources */ = {isa = PBXBuildFile; fileRef = 13E0133B2ACB914E009F73D1 /* LaunchScreen.storyboard */; };
		13E013482ACB97C5009F73D1 /* ImageTableViewCell.swift in Sources */ = {isa = PBXBuildFile; fileRef = 13E013462ACB97C5009F73D1 /* ImageTableViewCell.swift */; };
		13E013492ACB97C5009F73D1 /* ImageTableViewCell.xib in Resources */ = {isa = PBXBuildFile; fileRef = 13E013472ACB97C5009F73D1 /* ImageTableViewCell.xib */; };
/* End PBXBuildFile section */

/* Begin PBXFileReference section */
		13E0132D2ACB914C009F73D1 /* 9.23Homework.app */ = {isa = PBXFileReference; explicitFileType = wrapper.application; includeInIndex = 0; path = 9.23Homework.app; sourceTree = BUILT_PRODUCTS_DIR; };
		13E013302ACB914C009F73D1 /* AppDelegate.swift */ = {isa = PBXFileReference; lastKnownFileType = sourcecode.swift; path = AppDelegate.swift; sourceTree = "<group>"; };
		13E013322ACB914C009F73D1 /* SceneDelegate.swift */ = {isa = PBXFileReference; lastKnownFileType = sourcecode.swift; path = SceneDelegate.swift; sourceTree = "<group>"; };
		13E013342ACB914C009F73D1 /* ViewController.swift */ = {isa = PBXFileReference; lastKnownFileType = sourcecode.swift; path = ViewController.swift; sourceTree = "<group>"; };
		13E013372ACB914C009F73D1 /* Base */ = {isa = PBXFileReference; lastKnownFileType = file.storyboard; name = Base; path = Base.lproj/Main.storyboard; sourceTree = "<group>"; };
		13E013392ACB914E009F73D1 /* Assets.xcassets */ = {isa = PBXFileReference; lastKnownFileType = folder.assetcatalog; path = Assets.xcassets; sourceTree = "<group>"; };
		13E0133C2ACB914E009F73D1 /* Base */ = {isa = PBXFileReference; lastKnownFileType = file.storyboard; name = Base; path = Base.lproj/LaunchScreen.storyboard; sourceTree = "<group>"; };
		13E0133E2ACB914E009F73D1 /* Info.plist */ = {isa = PBXFileReference; lastKnownFileType = text.plist.xml; path = Info.plist; sourceTree = "<group>"; };
		13E013462ACB97C5009F73D1 /* ImageTableViewCell.swift */ = {isa = PBXFileReference; lastKnownFileType = sourcecode.swift; path = ImageTableViewCell.swift; sourceTree = "<group>"; };
		13E013472ACB97C5009F73D1 /* ImageTableViewCell.xib */ = {isa = PBXFileReference; lastKnownFileType = file.xib; path = ImageTableViewCell.xib; sourceTree = "<group>"; };
/* End PBXFileReference section */

/* Begin PBXFrameworksBuildPhase section */
		13E0132A2ACB914C009F73D1 /* Frameworks */ = {
			isa = PBXFrameworksBuildPhase;
			buildActionMask = 2147483647;
			files = (
			);
			runOnlyForDeploymentPostprocessing = 0;
		};
/* End PBXFrameworksBuildPhase section */

/* Begin PBXGroup section */
		13E013242ACB914C009F73D1 = {
			isa = PBXGroup;
			children = (
				13E0132F2ACB914C009F73D1 /* 9.23Homework */,
				13E0132E2ACB914C009F73D1 /* Products */,
			);
			sourceTree = "<group>";
		};
		13E0132E2ACB914C009F73D1 /* Products */ = {
			isa = PBXGroup;
			children = (
				13E0132D2ACB914C009F73D1 /* 9.23Homework.app */,
			);
			name = Products;
			sourceTree = "<group>";
		};
		13E0132F2ACB914C009F73D1 /* 9.23Homework */ = {
			isa = PBXGroup;
			children = (
				13E013302ACB914C009F73D1 /* AppDelegate.swift */,
				13E013322ACB914C009F73D1 /* SceneDelegate.swift */,
				13E013342ACB914C009F73D1 /* ViewController.swift */,
				13E013362ACB914C009F73D1 /* Main.storyboard */,
				13E013392ACB914E009F73D1 /* Assets.xcassets */,
				13E0133B2ACB914E009F73D1 /* LaunchScreen.storyboard */,
				13E0133E2ACB914E009F73D1 /* Info.plist */,
				13E013462ACB97C5009F73D1 /* ImageTableViewCell.swift */,
				13E013472ACB97C5009F73D1 /* ImageTableViewCell.xib */,
			);
			path = 9.23Homework;
			sourceTree = "<group>";
		};
/* End PBXGroup section */

/* Begin PBXNativeTarget section */
		13E0132C2ACB914C009F73D1 /* 9.23Homework */ = {
			isa = PBXNativeTarget;
			buildConfigurationList = 13E013412ACB914E009F73D1 /* Build configuration list for PBXNativeTarget "9.23Homework" */;
			buildPhases = (
				13E013292ACB914C009F73D1 /* Sources */,
				13E0132A2ACB914C009F73D1 /* Frameworks */,
				13E0132B2ACB914C009F73D1 /* Resources */,
			);
			buildRules = (
			);
			dependencies = (
			);
			name = 9.23Homework;
			productName = 9.23Homework;
			productReference = 13E0132D2ACB914C009F73D1 /* 9.23Homework.app */;
			productType = "com.apple.product-type.application";
		};
/* End PBXNativeTarget section */

/* Begin PBXProject section */
		13E013252ACB914C009F73D1 /* Project object */ = {
			isa = PBXProject;
			attributes = {
				BuildIndependentTargetsInParallel = 1;
				LastSwiftUpdateCheck = 1400;
				LastUpgradeCheck = 1400;
				TargetAttributes = {
					13E0132C2ACB914C009F73D1 = {
						CreatedOnToolsVersion = 14.0;
					};
				};
			};
			buildConfigurationList = 13E013282ACB914C009F73D1 /* Build configuration list for PBXProject "9.23Homework" */;
			compatibilityVersion = "Xcode 14.0";
			developmentRegion = en;
			hasScannedForEncodings = 0;
			knownRegions = (
				en,
				Base,
			);
			mainGroup = 13E013242ACB914C009F73D1;
			productRefGroup = 13E0132E2ACB914C009F73D1 /* Products */;
			projectDirPath = "";
			projectRoot = "";
			targets = (
				13E0132C2ACB914C009F73D1 /* 9.23Homework */,
			);
		};
/* End PBXProject section */

/* Begin PBXResourcesBuildPhase section */
		13E0132B2ACB914C009F73D1 /* Resources */ = {
			isa = PBXResourcesBuildPhase;
			buildActionMask = 2147483647;
			files = (
				13E0133D2ACB914E009F73D1 /* LaunchScreen.storyboard in Resources */,
				13E013492ACB97C5009F73D1 /* ImageTableViewCell.xib in Resources */,
				13E0133A2ACB914E009F73D1 /* Assets.xcassets in Resources */,
				13E013382ACB914C009F73D1 /* Main.storyboard in Resources */,
			);
			runOnlyForDeploymentPostprocessing = 0;
		};
/* End PBXResourcesBuildPhase section */

/* Begin PBXSourcesBuildPhase section */
		13E013292ACB914C009F73D1 /* Sources */ = {
			isa = PBXSourcesBuildPhase;
			buildActionMask = 2147483647;
			files = (
				13E013352ACB914C009F73D1 /* ViewController.swift in Sources */,
				13E013482ACB97C5009F73D1 /* ImageTableViewCell.swift in Sources */,
				13E013312ACB914C009F73D1 /* AppDelegate.swift in Sources */,
				13E013332ACB914C009F73D1 /* SceneDelegate.swift in Sources */,
			);
			runOnlyForDeploymentPostprocessing = 0;
		};
/* End PBXSourcesBuildPhase section */

/* Begin PBXVariantGroup section */
		13E013362ACB914C009F73D1 /* Main.storyboard */ = {
			isa = PBXVariantGroup;
			children = (
				13E013372ACB914C009F73D1 /* Base */,
			);
			name = Main.storyboard;
			sourceTree = "<group>";
		};
		13E0133B2ACB914E009F73D1 /* LaunchScreen.storyboard */ = {
			isa = PBXVariantGroup;
			children = (
				13E0133C2ACB914E009F73D1 /* Base */,
			);
			name = LaunchScreen.storyboard;
			sourceTree = "<group>";
		};
/* End PBXVariantGroup section */

/* Begin XCBuildConfiguration section */
		13E0133F2ACB914E009F73D1 /* Debug */ = {
			isa = XCBuildConfiguration;
			buildSettings = {
				ALWAYS_SEARCH_USER_PATHS = NO;
				CLANG_ANALYZER_NONNULL = YES;
				CLANG_ANALYZER_NUMBER_OBJECT_CONVERSION = YES_AGGRESSIVE;
				CLANG_CXX_LANGUAGE_STANDARD = "gnu++20";
				CLANG_ENABLE_MODULES = YES;
				CLANG_ENABLE_OBJC_ARC = YES;
				CLANG_ENABLE_OBJC_WEAK = YES;
				CLANG_WARN_BLOCK_CAPTURE_AUTORELEASING = YES;
				CLANG_WARN_BOOL_CONVERSION = YES;
				CLANG_WARN_COMMA = YES;
				CLANG_WARN_CONSTANT_CONVERSION = YES;
				CLANG_WARN_DEPRECATED_OBJC_IMPLEMENTATIONS = YES;
				CLANG_WARN_DIRECT_OBJC_ISA_USAGE = YES_ERROR;
				CLANG_WARN_DOCUMENTATION_COMMENTS = YES;
				CLANG_WARN_EMPTY_BODY = YES;
				CLANG_WARN_ENUM_CONVERSION = YES;
				CLANG_WARN_INFINITE_RECURSION = YES;
				CLANG_WARN_INT_CONVERSION = YES;
				CLANG_WARN_NON_LITERAL_NULL_CONVERSION = YES;
				CLANG_WARN_OBJC_IMPLICIT_RETAIN_SELF = YES;
				CLANG_WARN_OBJC_LITERAL_CONVERSION = YES;
				CLANG_WARN_OBJC_ROOT_CLASS = YES_ERROR;
				CLANG_WARN_QUOTED_INCLUDE_IN_FRAMEWORK_HEADER = YES;
				CLANG_WARN_RANGE_LOOP_ANALYSIS = YES;
				CLANG_WARN_STRICT_PROTOTYPES = YES;
				CLANG_WARN_SUSPICIOUS_MOVE = YES;
				CLANG_WARN_UNGUARDED_AVAILABILITY = YES_AGGRESSIVE;
				CLANG_WARN_UNREACHABLE_CODE = YES;
				CLANG_WARN__DUPLICATE_METHOD_MATCH = YES;
				COPY_PHASE_STRIP = NO;
				DEBUG_INFORMATION_FORMAT = dwarf;
				ENABLE_STRICT_OBJC_MSGSEND = YES;
				ENABLE_TESTABILITY = YES;
				GCC_C_LANGUAGE_STANDARD = gnu11;
				GCC_DYNAMIC_NO_PIC = NO;
				GCC_NO_COMMON_BLOCKS = YES;
				GCC_OPTIMIZATION_LEVEL = 0;
				GCC_PREPROCESSOR_DEFINITIONS = (
					"DEBUG=1",
					"$(inherited)",
				);
				GCC_WARN_64_TO_32_BIT_CONVERSION = YES;
				GCC_WARN_ABOUT_RETURN_TYPE = YES_ERROR;
				GCC_WARN_UNDECLARED_SELECTOR = YES;
				GCC_WARN_UNINITIALIZED_AUTOS = YES_AGGRESSIVE;
				GCC_WARN_UNUSED_FUNCTION = YES;
				GCC_WARN_UNUSED_VARIABLE = YES;
				IPHONEOS_DEPLOYMENT_TARGET = 16.0;
				MTL_ENABLE_DEBUG_INFO = INCLUDE_SOURCE;
				MTL_FAST_MATH = YES;
				ONLY_ACTIVE_ARCH = YES;
				SDKROOT = iphoneos;
				SWIFT_ACTIVE_COMPILATION_CONDITIONS = DEBUG;
				SWIFT_OPTIMIZATION_LEVEL = "-Onone";
			};
			name = Debug;
		};
		13E013402ACB914E009F73D1 /* Release */ = {
			isa = XCBuildConfiguration;
			buildSettings = {
				ALWAYS_SEARCH_USER_PATHS = NO;
				CLANG_ANALYZER_NONNULL = YES;
				CLANG_ANALYZER_NUMBER_OBJECT_CONVERSION = YES_AGGRESSIVE;
				CLANG_CXX_LANGUAGE_STANDARD = "gnu++20";
				CLANG_ENABLE_MODULES = YES;
				CLANG_ENABLE_OBJC_ARC = YES;
				CLANG_ENABLE_OBJC_WEAK = YES;
				CLANG_WARN_BLOCK_CAPTURE_AUTORELEASING = YES;
				CLANG_WARN_BOOL_CONVERSION = YES;
				CLANG_WARN_COMMA = YES;
				CLANG_WARN_CONSTANT_CONVERSION = YES;
				CLANG_WARN_DEPRECATED_OBJC_IMPLEMENTATIONS = YES;
				CLANG_WARN_DIRECT_OBJC_ISA_USAGE = YES_ERROR;
				CLANG_WARN_DOCUMENTATION_COMMENTS = YES;
				CLANG_WARN_EMPTY_BODY = YES;
				CLANG_WARN_ENUM_CONVERSION = YES;
				CLANG_WARN_INFINITE_RECURSION = YES;
				CLANG_WARN_INT_CONVERSION = YES;
				CLANG_WARN_NON_LITERAL_NULL_CONVERSION = YES;
				CLANG_WARN_OBJC_IMPLICIT_RETAIN_SELF = YES;
				CLANG_WARN_OBJC_LITERAL_CONVERSION = YES;
				CLANG_WARN_OBJC_ROOT_CLASS = YES_ERROR;
				CLANG_WARN_QUOTED_INCLUDE_IN_FRAMEWORK_HEADER = YES;
				CLANG_WARN_RANGE_LOOP_ANALYSIS = YES;
				CLANG_WARN_STRICT_PROTOTYPES = YES;
				CLANG_WARN_SUSPICIOUS_MOVE = YES;
				CLANG_WARN_UNGUARDED_AVAILABILITY = YES_AGGRESSIVE;
				CLANG_WARN_UNREACHABLE_CODE = YES;
				CLANG_WARN__DUPLICATE_METHOD_MATCH = YES;
				COPY_PHASE_STRIP = NO;
				DEBUG_INFORMATION_FORMAT = "dwarf-with-dsym";
				ENABLE_NS_ASSERTIONS = NO;
				ENABLE_STRICT_OBJC_MSGSEND = YES;
				GCC_C_LANGUAGE_STANDARD = gnu11;
				GCC_NO_COMMON_BLOCKS = YES;
				GCC_WARN_64_TO_32_BIT_CONVERSION = YES;
				GCC_WARN_ABOUT_RETURN_TYPE = YES_ERROR;
				GCC_WARN_UNDECLARED_SELECTOR = YES;
				GCC_WARN_UNINITIALIZED_AUTOS = YES_AGGRESSIVE;
				GCC_WARN_UNUSED_FUNCTION = YES;
				GCC_WARN_UNUSED_VARIABLE = YES;
				IPHONEOS_DEPLOYMENT_TARGET = 16.0;
				MTL_ENABLE_DEBUG_INFO = NO;
				MTL_FAST_MATH = YES;
				SDKROOT = iphoneos;
				SWIFT_COMPILATION_MODE = wholemodule;
				SWIFT_OPTIMIZATION_LEVEL = "-O";
				VALIDATE_PRODUCT = YES;
			};
			name = Release;
		};
		13E013422ACB914E009F73D1 /* Debug */ = {
			isa = XCBuildConfiguration;
			buildSettings = {
				ASSETCATALOG_COMPILER_APPICON_NAME = AppIcon;
				ASSETCATALOG_COMPILER_GLOBAL_ACCENT_COLOR_NAME = AccentColor;
				CODE_SIGN_STYLE = Automatic;
				CURRENT_PROJECT_VERSION = 1;
				GENERATE_INFOPLIST_FILE = YES;
				INFOPLIST_FILE = 9.23Homework/Info.plist;
				INFOPLIST_KEY_UIApplicationSupportsIndirectInputEvents = YES;
				INFOPLIST_KEY_UILaunchStoryboardName = LaunchScreen;
				INFOPLIST_KEY_UIMainStoryboardFile = Main;
				INFOPLIST_KEY_UISupportedInterfaceOrientations_iPad = "UIInterfaceOrientationPortrait UIInterfaceOrientationPortraitUpsideDown UIInterfaceOrientationLandscapeLeft UIInterfaceOrientationLandscapeRight";
				INFOPLIST_KEY_UISupportedInterfaceOrientations_iPhone = "UIInterfaceOrientationPortrait UIInterfaceOrientationLandscapeLeft UIInterfaceOrientationLandscapeRight";
				LD_RUNPATH_SEARCH_PATHS = (
					"$(inherited)",
					"@executable_path/Frameworks",
				);
				MARKETING_VERSION = 1.0;
				PRODUCT_BUNDLE_IDENTIFIER = "edu.northeastern.yao.--23Homework";
				PRODUCT_NAME = "$(TARGET_NAME)";
				SWIFT_EMIT_LOC_STRINGS = YES;
				SWIFT_VERSION = 5.0;
				TARGETED_DEVICE_FAMILY = "1,2";
			};
			name = Debug;
		};
		13E013432ACB914E009F73D1 /* Release */ = {
			isa = XCBuildConfiguration;
			buildSettings = {
				ASSETCATALOG_COMPILER_APPICON_NAME = AppIcon;
				ASSETCATALOG_COMPILER_GLOBAL_ACCENT_COLOR_NAME = AccentColor;
				CODE_SIGN_STYLE = Automatic;
				CURRENT_PROJECT_VERSION = 1;
				GENERATE_INFOPLIST_FILE = YES;
				INFOPLIST_FILE = 9.23Homework/Info.plist;
				INFOPLIST_KEY_UIApplicationSupportsIndirectInputEvents = YES;
				INFOPLIST_KEY_UILaunchStoryboardName = LaunchScreen;
				INFOPLIST_KEY_UIMainStoryboardFile = Main;
				INFOPLIST_KEY_UISupportedInterfaceOrientations_iPad = "UIInterfaceOrientationPortrait UIInterfaceOrientationPortraitUpsideDown UIInterfaceOrientationLandscapeLeft UIInterfaceOrientationLandscapeRight";
				INFOPLIST_KEY_UISupportedInterfaceOrientations_iPhone = "UIInterfaceOrientationPortrait UIInterfaceOrientationLandscapeLeft UIInterfaceOrientationLandscapeRight";
				LD_RUNPATH_SEARCH_PATHS = (
					"$(inherited)",
					"@executable_path/Frameworks",
				);
				MARKETING_VERSION = 1.0;
				PRODUCT_BUNDLE_IDENTIFIER = "edu.northeastern.yao.--23Homework";
				PRODUCT_NAME = "$(TARGET_NAME)";
				SWIFT_EMIT_LOC_STRINGS = YES;
				SWIFT_VERSION = 5.0;
				TARGETED_DEVICE_FAMILY = "1,2";
			};
			name = Release;
		};
/* End XCBuildConfiguration section */

/* Begin XCConfigurationList section */
		13E013282ACB914C009F73D1 /* Build configuration list for PBXProject "9.23Homework" */ = {
			isa = XCConfigurationList;
			buildConfigurations = (
				13E0133F2ACB914E009F73D1 /* Debug */,
				13E013402ACB914E009F73D1 /* Release */,
			);
			defaultConfigurationIsVisible = 0;
			defaultConfigurationName = Release;
		};
		13E013412ACB914E009F73D1 /* Build configuration list for PBXNativeTarget "9.23Homework" */ = {
			isa = XCConfigurationList;
			buildConfigurations = (
				13E013422ACB914E009F73D1 /* Debug */,
				13E013432ACB914E009F73D1 /* Release */,
			);
			defaultConfigurationIsVisible = 0;
			defaultConfigurationName = Release;
		};
/* End XCConfigurationList section */
	};
	rootObject = 13E013252ACB914C009F73D1 /* Project object */;
}
